
Microsoft Visual Studio Solution File, Format Version 12.00
# Visual Studio Version 17
VisualStudioVersion = 17.14.36408.4 d17.14
MinimumVisualStudioVersion = 10.0.40219.1
Project("{FAE04EC0-301F-11D3-BF4B-00C04F79EFBC}") = "knowpro", "knowpro.csproj", "{2EF6C79D-26E1-449D-809D-2FEE81641205}"
EndProject
Global
	GlobalSection(SolutionConfigurationPlatforms) = preSolution
		Debug|Any CPU = Debug|Any CPU
		Release|Any CPU = Release|Any CPU
	EndGlobalSection
	GlobalSection(ProjectConfigurationPlatforms) = postSolution
		{2EF6C79D-26E1-449D-809D-2FEE81641205}.Debug|Any CPU.ActiveCfg = Debug|Any CPU
		{2EF6C79D-26E1-449D-809D-2FEE81641205}.Debug|Any CPU.Build.0 = Debug|Any CPU
		{2EF6C79D-26E1-449D-809D-2FEE81641205}.Release|Any CPU.ActiveCfg = Release|Any CPU
		{2EF6C79D-26E1-449D-809D-2FEE81641205}.Release|Any CPU.Build.0 = Release|Any CPU
	EndGlobalSection
	GlobalSection(SolutionProperties) = preSolution
		HideSolutionNode = FALSE
	EndGlobalSection
	GlobalSection(ExtensibilityGlobals) = postSolution
		SolutionGuid = {89879306-8CA1-481A-BA1B-26A2171AEDB9}
	EndGlobalSection
EndGlobal
