
Microsoft Visual Studio Solution File, Format Version 12.00
# Visual Studio Version 17
VisualStudioVersion = 17.11.35303.130
MinimumVisualStudioVersion = 10.0.40219.1
Project("{9A19103F-16F7-4668-BE54-9A1E7A4F7556}") = "outlookEmail", "outlookEmail.csproj", "{A5FDEA60-1885-41F5-B9B2-586C3E1F8A04}"
EndProject
Project("{2150E333-8FDC-42A3-9474-1A3956D46DE8}") = "Solution Items", "Solution Items", "{A70CC928-3437-4F7F-94DF-E60AC2399D5E}"
	ProjectSection(SolutionItems) = preProject
		..\.editorconfig = ..\.editorconfig
		..\README.md = ..\README.md
	EndProjectSection
EndProject
Global
	GlobalSection(SolutionConfigurationPlatforms) = preSolution
		Debug|Any CPU = Debug|Any CPU
		Release|Any CPU = Release|Any CPU
	EndGlobalSection
	GlobalSection(ProjectConfigurationPlatforms) = postSolution
		{A5FDEA60-1885-41F5-B9B2-586C3E1F8A04}.Debug|Any CPU.ActiveCfg = Debug|Any CPU
		{A5FDEA60-1885-41F5-B9B2-586C3E1F8A04}.Debug|Any CPU.Build.0 = Debug|Any CPU
		{A5FDEA60-1885-41F5-B9B2-586C3E1F8A04}.Release|Any CPU.ActiveCfg = Release|Any CPU
		{A5FDEA60-1885-41F5-B9B2-586C3E1F8A04}.Release|Any CPU.Build.0 = Release|Any CPU
	EndGlobalSection
	GlobalSection(SolutionProperties) = preSolution
		HideSolutionNode = FALSE
	EndGlobalSection
	GlobalSection(ExtensibilityGlobals) = postSolution
		SolutionGuid = {1F37148C-40F0-46CB-A8AB-FBB9B34940F8}
	EndGlobalSection
EndGlobal
