Microsoft Visual Studio Solution File, Format Version 12.00
# Visual Studio Version 17
Project("{FAE04EC0-301F-11D3-BF4B-00C04F79EFBC}") = "VisualStudioTypeAgent", "VisualStudioTypeAgent.csproj", "{B1A20F8C-7C53-4E2F-9C19-9F1E2A3D5F01}"
EndProject
Global
	GlobalSection(SolutionConfigurationPlatforms) = preSolution
		Debug|Any CPU = Debug|Any CPU
		Release|Any CPU = Release|Any CPU
	EndGlobalSection
	GlobalSection(ProjectConfigurationPlatforms) = postSolution
		{B1A20F8C-7C53-4E2F-9C19-9F1E2A3D5F01}.Debug|Any CPU.ActiveCfg = Debug|Any CPU
		{B1A20F8C-7C53-4E2F-9C19-9F1E2A3D5F01}.Debug|Any CPU.Build.0 = Debug|Any CPU
		{B1A20F8C-7C53-4E2F-9C19-9F1E2A3D5F01}.Release|Any CPU.ActiveCfg = Release|Any CPU
		{B1A20F8C-7C53-4E2F-9C19-9F1E2A3D5F01}.Release|Any CPU.Build.0 = Release|Any CPU
	EndGlobalSection
EndGlobal
